
Microsoft Visual Studio Solution File, Format Version 12.00
# Visual Studio Version 16
VisualStudioVersion = 16.0.30413.136
MinimumVisualStudioVersion = 10.0.40219.1
Project("{FAE04EC0-301F-11D3-BF4B-00C04F79EFBC}") = "Parcial_1", "Parcial_1\Parcial_1.csproj", "{9FC23807-3E20-4A0E-B2E3-3D953957CC16}"
EndProject
Global
	GlobalSection(SolutionConfigurationPlatforms) = preSolution
		Debug|Any CPU = Debug|Any CPU
		Release|Any CPU = Release|Any CPU
	EndGlobalSection
	GlobalSection(ProjectConfigurationPlatforms) = postSolution
		{9FC23807-3E20-4A0E-B2E3-3D953957CC16}.Debug|Any CPU.ActiveCfg = Debug|Any CPU
		{9FC23807-3E20-4A0E-B2E3-3D953957CC16}.Debug|Any CPU.Build.0 = Debug|Any CPU
		{9FC23807-3E20-4A0E-B2E3-3D953957CC16}.Release|Any CPU.ActiveCfg = Release|Any CPU
		{9FC23807-3E20-4A0E-B2E3-3D953957CC16}.Release|Any CPU.Build.0 = Release|Any CPU
	EndGlobalSection
	GlobalSection(SolutionProperties) = preSolution
		HideSolutionNode = FALSE
	EndGlobalSection
	GlobalSection(ExtensibilityGlobals) = postSolution
		SolutionGuid = {7E7084A9-FF3D-4710-A47F-A69CA999D8CC}
	EndGlobalSection
EndGlobal
