
Microsoft Visual Studio Solution File, Format Version 12.00
# Visual Studio Version 16
VisualStudioVersion = 16.0.30413.136
MinimumVisualStudioVersion = 10.0.40219.1
Project("{FAE04EC0-301F-11D3-BF4B-00C04F79EFBC}") = "parcial_1", "parcial_1\parcial_1.csproj", "{6DFCF777-ED7E-4CFC-89FE-315BF76D1480}"
EndProject
Global
	GlobalSection(SolutionConfigurationPlatforms) = preSolution
		Debug|Any CPU = Debug|Any CPU
		Release|Any CPU = Release|Any CPU
	EndGlobalSection
	GlobalSection(ProjectConfigurationPlatforms) = postSolution
		{6DFCF777-ED7E-4CFC-89FE-315BF76D1480}.Debug|Any CPU.ActiveCfg = Debug|Any CPU
		{6DFCF777-ED7E-4CFC-89FE-315BF76D1480}.Debug|Any CPU.Build.0 = Debug|Any CPU
		{6DFCF777-ED7E-4CFC-89FE-315BF76D1480}.Release|Any CPU.ActiveCfg = Release|Any CPU
		{6DFCF777-ED7E-4CFC-89FE-315BF76D1480}.Release|Any CPU.Build.0 = Release|Any CPU
	EndGlobalSection
	GlobalSection(SolutionProperties) = preSolution
		HideSolutionNode = FALSE
	EndGlobalSection
	GlobalSection(ExtensibilityGlobals) = postSolution
		SolutionGuid = {8969010A-236F-42E1-9399-D92CC9535860}
	EndGlobalSection
EndGlobal
