
Microsoft Visual Studio Solution File, Format Version 12.00
# Visual Studio Version 16
VisualStudioVersion = 16.0.30413.136
MinimumVisualStudioVersion = 10.0.40219.1
Project("{FAE04EC0-301F-11D3-BF4B-00C04F79EFBC}") = "ejercicio_uno_01-09", "ejercicio_uno_01-09\ejercicio_uno_01-09.csproj", "{76A075CD-8588-432C-A431-9EE457AFEF3D}"
EndProject
Global
	GlobalSection(SolutionConfigurationPlatforms) = preSolution
		Debug|Any CPU = Debug|Any CPU
		Release|Any CPU = Release|Any CPU
	EndGlobalSection
	GlobalSection(ProjectConfigurationPlatforms) = postSolution
		{76A075CD-8588-432C-A431-9EE457AFEF3D}.Debug|Any CPU.ActiveCfg = Debug|Any CPU
		{76A075CD-8588-432C-A431-9EE457AFEF3D}.Debug|Any CPU.Build.0 = Debug|Any CPU
		{76A075CD-8588-432C-A431-9EE457AFEF3D}.Release|Any CPU.ActiveCfg = Release|Any CPU
		{76A075CD-8588-432C-A431-9EE457AFEF3D}.Release|Any CPU.Build.0 = Release|Any CPU
	EndGlobalSection
	GlobalSection(SolutionProperties) = preSolution
		HideSolutionNode = FALSE
	EndGlobalSection
	GlobalSection(ExtensibilityGlobals) = postSolution
		SolutionGuid = {14ADC9F2-82CF-424B-9D62-BF5F97A931C2}
	EndGlobalSection
EndGlobal
